# THIS IS AN AUTOGENERATED FILE. DO NOT EDIT THIS FILE DIRECTLY.
# yarn lockfile v1


"@types/node@^20.1.1":
  version "20.1.1"
  resolved "https://registry.yarnpkg.com/@types/node/-/node-20.1.1.tgz#afc492e8dbe7f672dd3a13674823522b467a45ad"
  integrity sha512-uKBEevTNb+l6/aCQaKVnUModfEMjAl98lw2Si9P5y4hLu9tm6AlX2ZIoXZX6Wh9lJueYPrGPKk5WMCNHg/u6/A==
